
Microsoft Visual Studio Solution File, Format Version 12.00
# Visual Studio Version 16
VisualStudioVersion = 16.0.29911.84
MinimumVisualStudioVersion = 10.0.40219.1
Project("{FAE04EC0-301F-11D3-BF4B-00C04F79EFBC}") = "WalkinTheDog", "WalkinTheDog\WalkinTheDog.csproj", "{EE169D3A-B3F8-4AA9-9130-3EC73A09830B}"
EndProject
Global
	GlobalSection(SolutionConfigurationPlatforms) = preSolution
		Debug|Any CPU = Debug|Any CPU
		Release|Any CPU = Release|Any CPU
	EndGlobalSection
	GlobalSection(ProjectConfigurationPlatforms) = postSolution
		{EE169D3A-B3F8-4AA9-9130-3EC73A09830B}.Debug|Any CPU.ActiveCfg = Debug|Any CPU
		{EE169D3A-B3F8-4AA9-9130-3EC73A09830B}.Debug|Any CPU.Build.0 = Debug|Any CPU
		{EE169D3A-B3F8-4AA9-9130-3EC73A09830B}.Release|Any CPU.ActiveCfg = Release|Any CPU
		{EE169D3A-B3F8-4AA9-9130-3EC73A09830B}.Release|Any CPU.Build.0 = Release|Any CPU
	EndGlobalSection
	GlobalSection(SolutionProperties) = preSolution
		HideSolutionNode = FALSE
	EndGlobalSection
	GlobalSection(ExtensibilityGlobals) = postSolution
		SolutionGuid = {CE1C1731-5AD9-4756-B4EE-1F2EC9B1E25E}
	EndGlobalSection
EndGlobal
